// !$*UTF8*$!
{
	archiveVersion = 1;
	classes = {
	};
	objectVersion = 55;
	objects = {

/* Begin PBXBuildFile section */
		410236CF4A3935ED825170B4 /* Pods_PersomiTests.framework in Frameworks */ = {isa = PBXBuildFile; fileRef = 60A1FF90C007E6EBCBFC12D5 /* Pods_PersomiTests.framework */; };
		52877B4D288200830088736F /* ResultScreen.swift in Sources */ = {isa = PBXBuildFile; fileRef = 52877B4C288200830088736F /* ResultScreen.swift */; };
		52877B4F288200AB0088736F /* QuestionView.swift in Sources */ = {isa = PBXBuildFile; fileRef = 52877B4E288200AB0088736F /* QuestionView.swift */; };
		52CF498D287E1B8B00DB700D /* PersomiApp.swift in Sources */ = {isa = PBXBuildFile; fileRef = 52CF498C287E1B8B00DB700D /* PersomiApp.swift */; };
		52CF4991287E1B8D00DB700D /* Assets.xcassets in Resources */ = {isa = PBXBuildFile; fileRef = 52CF4990287E1B8D00DB700D /* Assets.xcassets */; };
		52CF499E287E1B8D00DB700D /* PersomiTests.swift in Sources */ = {isa = PBXBuildFile; fileRef = 52CF499D287E1B8D00DB700D /* PersomiTests.swift */; };
		52CF49EA287E250900DB700D /* LaunchScreen.storyboard in Resources */ = {isa = PBXBuildFile; fileRef = 52CF49E9287E250900DB700D /* LaunchScreen.storyboard */; };
		52CF49EC287EA5C600DB700D /* IntroScreen.swift in Sources */ = {isa = PBXBuildFile; fileRef = 52CF49EB287EA5C600DB700D /* IntroScreen.swift */; };
		52CF49EE287EBCE600DB700D /* HomeScreen.swift in Sources */ = {isa = PBXBuildFile; fileRef = 52CF49ED287EBCE600DB700D /* HomeScreen.swift */; };
		52CF49F1287EE1C800DB700D /* ProgressBar.swift in Sources */ = {isa = PBXBuildFile; fileRef = 52CF49F0287EE1C800DB700D /* ProgressBar.swift */; };
		52CF49F5287EE44600DB700D /* PersoViewModel.swift in Sources */ = {isa = PBXBuildFile; fileRef = 52CF49F4287EE44600DB700D /* PersoViewModel.swift */; };
		52CF49F8287EE4E500DB700D /* Question.swift in Sources */ = {isa = PBXBuildFile; fileRef = 52CF49F7287EE4E500DB700D /* Question.swift */; };
		52CF49FB288023D400DB700D /* QuizRepo.swift in Sources */ = {isa = PBXBuildFile; fileRef = 52CF49FA288023D400DB700D /* QuizRepo.swift */; };
		52CF49FD2880AF2500DB700D /* GoogleService-Info.plist in Resources */ = {isa = PBXBuildFile; fileRef = 52CF49FC2880AF2400DB700D /* GoogleService-Info.plist */; };
		A7B51D8B4B347B91FEFAE5C0 /* Pods_Persomi.framework in Frameworks */ = {isa = PBXBuildFile; fileRef = 935B77E4E6AB95D2AED921F7 /* Pods_Persomi.framework */; };
/* End PBXBuildFile section */

/* Begin PBXContainerItemProxy section */
		52CF499A287E1B8D00DB700D /* PBXContainerItemProxy */ = {
			isa = PBXContainerItemProxy;
			containerPortal = 52CF4981287E1B8B00DB700D /* Project object */;
			proxyType = 1;
			remoteGlobalIDString = 52CF4988287E1B8B00DB700D;
			remoteInfo = Persomi;
		};
/* End PBXContainerItemProxy section */

/* Begin PBXFileReference section */
		23C863382B95D4D2B5981131 /* Pods-Persomi.debug.xcconfig */ = {isa = PBXFileReference; includeInIndex = 1; lastKnownFileType = text.xcconfig; name = "Pods-Persomi.debug.xcconfig"; path = "Target Support Files/Pods-Persomi/Pods-Persomi.debug.xcconfig"; sourceTree = "<group>"; };
		3BF32A24FFE7DA952134F852 /* Pods-PersomiTests.debug.xcconfig */ = {isa = PBXFileReference; includeInIndex = 1; lastKnownFileType = text.xcconfig; name = "Pods-PersomiTests.debug.xcconfig"; path = "Target Support Files/Pods-PersomiTests/Pods-PersomiTests.debug.xcconfig"; sourceTree = "<group>"; };
		52877B4C288200830088736F /* ResultScreen.swift */ = {isa = PBXFileReference; lastKnownFileType = sourcecode.swift; path = ResultScreen.swift; sourceTree = "<group>"; };
		52877B4E288200AB0088736F /* QuestionView.swift */ = {isa = PBXFileReference; lastKnownFileType = sourcecode.swift; path = QuestionView.swift; sourceTree = "<group>"; };
		52CF4989287E1B8B00DB700D /* Persomi.app */ = {isa = PBXFileReference; explicitFileType = wrapper.application; includeInIndex = 0; path = Persomi.app; sourceTree = BUILT_PRODUCTS_DIR; };
		52CF498C287E1B8B00DB700D /* PersomiApp.swift */ = {isa = PBXFileReference; lastKnownFileType = sourcecode.swift; path = PersomiApp.swift; sourceTree = "<group>"; };
		52CF4990287E1B8D00DB700D /* Assets.xcassets */ = {isa = PBXFileReference; lastKnownFileType = folder.assetcatalog; path = Assets.xcassets; sourceTree = "<group>"; };
		52CF4999287E1B8D00DB700D /* PersomiTests.xctest */ = {isa = PBXFileReference; explicitFileType = wrapper.cfbundle; includeInIndex = 0; path = PersomiTests.xctest; sourceTree = BUILT_PRODUCTS_DIR; };
		52CF499D287E1B8D00DB700D /* PersomiTests.swift */ = {isa = PBXFileReference; lastKnownFileType = sourcecode.swift; path = PersomiTests.swift; sourceTree = "<group>"; };
		52CF49E8287E1FEB00DB700D /* Info.plist */ = {isa = PBXFileReference; lastKnownFileType = text.plist; path = Info.plist; sourceTree = "<group>"; };
		52CF49E9287E250900DB700D /* LaunchScreen.storyboard */ = {isa = PBXFileReference; lastKnownFileType = file.storyboard; path = LaunchScreen.storyboard; sourceTree = "<group>"; };
		52CF49EB287EA5C600DB700D /* IntroScreen.swift */ = {isa = PBXFileReference; lastKnownFileType = sourcecode.swift; path = IntroScreen.swift; sourceTree = "<group>"; };
		52CF49ED287EBCE600DB700D /* HomeScreen.swift */ = {isa = PBXFileReference; fileEncoding = 4; lastKnownFileType = sourcecode.swift; path = HomeScreen.swift; sourceTree = "<group>"; };
		52CF49F0287EE1C800DB700D /* ProgressBar.swift */ = {isa = PBXFileReference; lastKnownFileType = sourcecode.swift; path = ProgressBar.swift; sourceTree = "<group>"; };
		52CF49F4287EE44600DB700D /* PersoViewModel.swift */ = {isa = PBXFileReference; lastKnownFileType = sourcecode.swift; path = PersoViewModel.swift; sourceTree = "<group>"; };
		52CF49F7287EE4E500DB700D /* Question.swift */ = {isa = PBXFileReference; lastKnownFileType = sourcecode.swift; path = Question.swift; sourceTree = "<group>"; };
		52CF49FA288023D400DB700D /* QuizRepo.swift */ = {isa = PBXFileReference; lastKnownFileType = sourcecode.swift; path = QuizRepo.swift; sourceTree = "<group>"; };
		52CF49FC2880AF2400DB700D /* GoogleService-Info.plist */ = {isa = PBXFileReference; lastKnownFileType = text.plist; path = "GoogleService-Info.plist"; sourceTree = SOURCE_ROOT; };
		55B757F021CA24431E1D6EF2 /* Pods-Persomi.release.xcconfig */ = {isa = PBXFileReference; includeInIndex = 1; lastKnownFileType = text.xcconfig; name = "Pods-Persomi.release.xcconfig"; path = "Target Support Files/Pods-Persomi/Pods-Persomi.release.xcconfig"; sourceTree = "<group>"; };
		60A1FF90C007E6EBCBFC12D5 /* Pods_PersomiTests.framework */ = {isa = PBXFileReference; explicitFileType = wrapper.framework; includeInIndex = 0; path = Pods_PersomiTests.framework; sourceTree = BUILT_PRODUCTS_DIR; };
		935B77E4E6AB95D2AED921F7 /* Pods_Persomi.framework */ = {isa = PBXFileReference; explicitFileType = wrapper.framework; includeInIndex = 0; path = Pods_Persomi.framework; sourceTree = BUILT_PRODUCTS_DIR; };
		D9AAE93EF6C1BA1594D852DD /* Pods-PersomiTests.release.xcconfig */ = {isa = PBXFileReference; includeInIndex = 1; lastKnownFileType = text.xcconfig; name = "Pods-PersomiTests.release.xcconfig"; path = "Target Support Files/Pods-PersomiTests/Pods-PersomiTests.release.xcconfig"; sourceTree = "<group>"; };
/* End PBXFileReference section */

/* Begin PBXFrameworksBuildPhase section */
		52CF4986287E1B8B00DB700D /* Frameworks */ = {
			isa = PBXFrameworksBuildPhase;
			buildActionMask = 2147483647;
			files = (
				A7B51D8B4B347B91FEFAE5C0 /* Pods_Persomi.framework in Frameworks */,
			);
			runOnlyForDeploymentPostprocessing = 0;
		};
		52CF4996287E1B8D00DB700D /* Frameworks */ = {
			isa = PBXFrameworksBuildPhase;
			buildActionMask = 2147483647;
			files = (
				410236CF4A3935ED825170B4 /* Pods_PersomiTests.framework in Frameworks */,
			);
			runOnlyForDeploymentPostprocessing = 0;
		};
/* End PBXFrameworksBuildPhase section */

/* Begin PBXGroup section */
		52CF4980287E1B8B00DB700D = {
			isa = PBXGroup;
			children = (
				52CF498B287E1B8B00DB700D /* Persomi */,
				52CF499C287E1B8D00DB700D /* PersomiTests */,
				52CF498A287E1B8B00DB700D /* Products */,
				DE024417BA687042AFA9AADB /* Pods */,
				C939EB02551D2B293E0B9E7D /* Frameworks */,
			);
			sourceTree = "<group>";
		};
		52CF498A287E1B8B00DB700D /* Products */ = {
			isa = PBXGroup;
			children = (
				52CF4989287E1B8B00DB700D /* Persomi.app */,
				52CF4999287E1B8D00DB700D /* PersomiTests.xctest */,
			);
			name = Products;
			sourceTree = "<group>";
		};
		52CF498B287E1B8B00DB700D /* Persomi */ = {
			isa = PBXGroup;
			children = (
				52CF49F92880239300DB700D /* Repositories */,
				52CF49F6287EE49000DB700D /* Model */,
				52CF49F2287EE25400DB700D /* ViewModel */,
				52CF49E3287E1E2000DB700D /* Screens */,
				52CF49E2287E1E0E00DB700D /* Helpers */,
				52CF49F3287EE27A00DB700D /* AppEntry */,
			);
			path = Persomi;
			sourceTree = "<group>";
		};
		52CF499C287E1B8D00DB700D /* PersomiTests */ = {
			isa = PBXGroup;
			children = (
				52CF499D287E1B8D00DB700D /* PersomiTests.swift */,
			);
			path = PersomiTests;
			sourceTree = "<group>";
		};
		52CF49E2287E1E0E00DB700D /* Helpers */ = {
			isa = PBXGroup;
			children = (
			);
			path = Helpers;
			sourceTree = "<group>";
		};
		52CF49E3287E1E2000DB700D /* Screens */ = {
			isa = PBXGroup;
			children = (
				52CF49EF287EE1B600DB700D /* Views */,
				52CF49ED287EBCE600DB700D /* HomeScreen.swift */,
				52CF49E9287E250900DB700D /* LaunchScreen.storyboard */,
				52CF49EB287EA5C600DB700D /* IntroScreen.swift */,
				52877B4C288200830088736F /* ResultScreen.swift */,
			);
			path = Screens;
			sourceTree = "<group>";
		};
		52CF49EF287EE1B600DB700D /* Views */ = {
			isa = PBXGroup;
			children = (
				52CF49F0287EE1C800DB700D /* ProgressBar.swift */,
				52877B4E288200AB0088736F /* QuestionView.swift */,
			);
			path = Views;
			sourceTree = "<group>";
		};
		52CF49F2287EE25400DB700D /* ViewModel */ = {
			isa = PBXGroup;
			children = (
				52CF49F4287EE44600DB700D /* PersoViewModel.swift */,
			);
			path = ViewModel;
			sourceTree = "<group>";
		};
		52CF49F3287EE27A00DB700D /* AppEntry */ = {
			isa = PBXGroup;
			children = (
				52CF498C287E1B8B00DB700D /* PersomiApp.swift */,
				52CF49FC2880AF2400DB700D /* GoogleService-Info.plist */,
				52CF49E8287E1FEB00DB700D /* Info.plist */,
				52CF4990287E1B8D00DB700D /* Assets.xcassets */,
			);
			name = AppEntry;
			sourceTree = "<group>";
		};
		52CF49F6287EE49000DB700D /* Model */ = {
			isa = PBXGroup;
			children = (
				52CF49F7287EE4E500DB700D /* Question.swift */,
			);
			path = Model;
			sourceTree = "<group>";
		};
		52CF49F92880239300DB700D /* Repositories */ = {
			isa = PBXGroup;
			children = (
				52CF49FA288023D400DB700D /* QuizRepo.swift */,
			);
			path = Repositories;
			sourceTree = "<group>";
		};
		C939EB02551D2B293E0B9E7D /* Frameworks */ = {
			isa = PBXGroup;
			children = (
				935B77E4E6AB95D2AED921F7 /* Pods_Persomi.framework */,
				60A1FF90C007E6EBCBFC12D5 /* Pods_PersomiTests.framework */,
			);
			name = Frameworks;
			sourceTree = "<group>";
		};
		DE024417BA687042AFA9AADB /* Pods */ = {
			isa = PBXGroup;
			children = (
				23C863382B95D4D2B5981131 /* Pods-Persomi.debug.xcconfig */,
				55B757F021CA24431E1D6EF2 /* Pods-Persomi.release.xcconfig */,
				3BF32A24FFE7DA952134F852 /* Pods-PersomiTests.debug.xcconfig */,
				D9AAE93EF6C1BA1594D852DD /* Pods-PersomiTests.release.xcconfig */,
			);
			path = Pods;
			sourceTree = "<group>";
		};
/* End PBXGroup section */

/* Begin PBXNativeTarget section */
		52CF4988287E1B8B00DB700D /* Persomi */ = {
			isa = PBXNativeTarget;
			buildConfigurationList = 52CF49AD287E1B8D00DB700D /* Build configuration list for PBXNativeTarget "Persomi" */;
			buildPhases = (
				D1FDE5893E72D6C289C90D05 /* [CP] Check Pods Manifest.lock */,
				52CF4985287E1B8B00DB700D /* Sources */,
				52CF4986287E1B8B00DB700D /* Frameworks */,
				52CF4987287E1B8B00DB700D /* Resources */,
				D9EE7DC53CAF33DA7A262D08 /* [CP] Embed Pods Frameworks */,
			);
			buildRules = (
			);
			dependencies = (
			);
			name = Persomi;
			productName = Persomi;
			productReference = 52CF4989287E1B8B00DB700D /* Persomi.app */;
			productType = "com.apple.product-type.application";
		};
		52CF4998287E1B8D00DB700D /* PersomiTests */ = {
			isa = PBXNativeTarget;
			buildConfigurationList = 52CF49B0287E1B8D00DB700D /* Build configuration list for PBXNativeTarget "PersomiTests" */;
			buildPhases = (
				D1D345A2A0575ADAC67E4644 /* [CP] Check Pods Manifest.lock */,
				52CF4995287E1B8D00DB700D /* Sources */,
				52CF4996287E1B8D00DB700D /* Frameworks */,
				52CF4997287E1B8D00DB700D /* Resources */,
			);
			buildRules = (
			);
			dependencies = (
				52CF499B287E1B8D00DB700D /* PBXTargetDependency */,
			);
			name = PersomiTests;
			productName = PersomiTests;
			productReference = 52CF4999287E1B8D00DB700D /* PersomiTests.xctest */;
			productType = "com.apple.product-type.bundle.unit-test";
		};
/* End PBXNativeTarget section */

/* Begin PBXProject section */
		52CF4981287E1B8B00DB700D /* Project object */ = {
			isa = PBXProject;
			attributes = {
				BuildIndependentTargetsInParallel = 1;
				LastSwiftUpdateCheck = 1320;
				LastUpgradeCheck = 1320;
				TargetAttributes = {
					52CF4988287E1B8B00DB700D = {
						CreatedOnToolsVersion = 13.2.1;
					};
					52CF4998287E1B8D00DB700D = {
						CreatedOnToolsVersion = 13.2.1;
						TestTargetID = 52CF4988287E1B8B00DB700D;
					};
				};
			};
			buildConfigurationList = 52CF4984287E1B8B00DB700D /* Build configuration list for PBXProject "Persomi" */;
			compatibilityVersion = "Xcode 13.0";
			developmentRegion = en;
			hasScannedForEncodings = 0;
			knownRegions = (
				en,
				Base,
			);
			mainGroup = 52CF4980287E1B8B00DB700D;
			productRefGroup = 52CF498A287E1B8B00DB700D /* Products */;
			projectDirPath = "";
			projectRoot = "";
			targets = (
				52CF4988287E1B8B00DB700D /* Persomi */,
				52CF4998287E1B8D00DB700D /* PersomiTests */,
			);
		};
/* End PBXProject section */

/* Begin PBXResourcesBuildPhase section */
		52CF4987287E1B8B00DB700D /* Resources */ = {
			isa = PBXResourcesBuildPhase;
			buildActionMask = 2147483647;
			files = (
				52CF49EA287E250900DB700D /* LaunchScreen.storyboard in Resources */,
				52CF4991287E1B8D00DB700D /* Assets.xcassets in Resources */,
				52CF49FD2880AF2500DB700D /* GoogleService-Info.plist in Resources */,
			);
			runOnlyForDeploymentPostprocessing = 0;
		};
		52CF4997287E1B8D00DB700D /* Resources */ = {
			isa = PBXResourcesBuildPhase;
			buildActionMask = 2147483647;
			files = (
			);
			runOnlyForDeploymentPostprocessing = 0;
		};
/* End PBXResourcesBuildPhase section */

/* Begin PBXShellScriptBuildPhase section */
		D1D345A2A0575ADAC67E4644 /* [CP] Check Pods Manifest.lock */ = {
			isa = PBXShellScriptBuildPhase;
			buildActionMask = 2147483647;
			files = (
			);
			inputFileListPaths = (
			);
			inputPaths = (
				"${PODS_PODFILE_DIR_PATH}/Podfile.lock",
				"${PODS_ROOT}/Manifest.lock",
			);
			name = "[CP] Check Pods Manifest.lock";
			outputFileListPaths = (
			);
			outputPaths = (
				"$(DERIVED_FILE_DIR)/Pods-PersomiTests-checkManifestLockResult.txt",
			);
			runOnlyForDeploymentPostprocessing = 0;
			shellPath = /bin/sh;
			shellScript = "diff \"${PODS_PODFILE_DIR_PATH}/Podfile.lock\" \"${PODS_ROOT}/Manifest.lock\" > /dev/null\nif [ $? != 0 ] ; then\n    # print error to STDERR\n    echo \"error: The sandbox is not in sync with the Podfile.lock. Run 'pod install' or update your CocoaPods installation.\" >&2\n    exit 1\nfi\n# This output is used by Xcode 'outputs' to avoid re-running this script phase.\necho \"SUCCESS\" > \"${SCRIPT_OUTPUT_FILE_0}\"\n";
			showEnvVarsInLog = 0;
		};
		D1FDE5893E72D6C289C90D05 /* [CP] Check Pods Manifest.lock */ = {
			isa = PBXShellScriptBuildPhase;
			buildActionMask = 2147483647;
			files = (
			);
			inputFileListPaths = (
			);
			inputPaths = (
				"${PODS_PODFILE_DIR_PATH}/Podfile.lock",
				"${PODS_ROOT}/Manifest.lock",
			);
			name = "[CP] Check Pods Manifest.lock";
			outputFileListPaths = (
			);
			outputPaths = (
				"$(DERIVED_FILE_DIR)/Pods-Persomi-checkManifestLockResult.txt",
			);
			runOnlyForDeploymentPostprocessing = 0;
			shellPath = /bin/sh;
			shellScript = "diff \"${PODS_PODFILE_DIR_PATH}/Podfile.lock\" \"${PODS_ROOT}/Manifest.lock\" > /dev/null\nif [ $? != 0 ] ; then\n    # print error to STDERR\n    echo \"error: The sandbox is not in sync with the Podfile.lock. Run 'pod install' or update your CocoaPods installation.\" >&2\n    exit 1\nfi\n# This output is used by Xcode 'outputs' to avoid re-running this script phase.\necho \"SUCCESS\" > \"${SCRIPT_OUTPUT_FILE_0}\"\n";
			showEnvVarsInLog = 0;
		};
		D9EE7DC53CAF33DA7A262D08 /* [CP] Embed Pods Frameworks */ = {
			isa = PBXShellScriptBuildPhase;
			buildActionMask = 2147483647;
			files = (
			);
			inputFileListPaths = (
				"${PODS_ROOT}/Target Support Files/Pods-Persomi/Pods-Persomi-frameworks-${CONFIGURATION}-input-files.xcfilelist",
			);
			name = "[CP] Embed Pods Frameworks";
			outputFileListPaths = (
				"${PODS_ROOT}/Target Support Files/Pods-Persomi/Pods-Persomi-frameworks-${CONFIGURATION}-output-files.xcfilelist",
			);
			runOnlyForDeploymentPostprocessing = 0;
			shellPath = /bin/sh;
			shellScript = "\"${PODS_ROOT}/Target Support Files/Pods-Persomi/Pods-Persomi-frameworks.sh\"\n";
			showEnvVarsInLog = 0;
		};
/* End PBXShellScriptBuildPhase section */

/* Begin PBXSourcesBuildPhase section */
		52CF4985287E1B8B00DB700D /* Sources */ = {
			isa = PBXSourcesBuildPhase;
			buildActionMask = 2147483647;
			files = (
				52CF49EC287EA5C600DB700D /* IntroScreen.swift in Sources */,
				52CF498D287E1B8B00DB700D /* PersomiApp.swift in Sources */,
				52CF49FB288023D400DB700D /* QuizRepo.swift in Sources */,
				52CF49F1287EE1C800DB700D /* ProgressBar.swift in Sources */,
				52877B4D288200830088736F /* ResultScreen.swift in Sources */,
				52CF49F8287EE4E500DB700D /* Question.swift in Sources */,
				52CF49F5287EE44600DB700D /* PersoViewModel.swift in Sources */,
				52877B4F288200AB0088736F /* QuestionView.swift in Sources */,
				52CF49EE287EBCE600DB700D /* HomeScreen.swift in Sources */,
			);
			runOnlyForDeploymentPostprocessing = 0;
		};
		52CF4995287E1B8D00DB700D /* Sources */ = {
			isa = PBXSourcesBuildPhase;
			buildActionMask = 2147483647;
			files = (
				52CF499E287E1B8D00DB700D /* PersomiTests.swift in Sources */,
			);
			runOnlyForDeploymentPostprocessing = 0;
		};
/* End PBXSourcesBuildPhase section */

/* Begin PBXTargetDependency section */
		52CF499B287E1B8D00DB700D /* PBXTargetDependency */ = {
			isa = PBXTargetDependency;
			target = 52CF4988287E1B8B00DB700D /* Persomi */;
			targetProxy = 52CF499A287E1B8D00DB700D /* PBXContainerItemProxy */;
		};
/* End PBXTargetDependency section */

/* Begin XCBuildConfiguration section */
		52CF49AB287E1B8D00DB700D /* Debug */ = {
			isa = XCBuildConfiguration;
			buildSettings = {
				ALWAYS_SEARCH_USER_PATHS = NO;
				CLANG_ANALYZER_NONNULL = YES;
				CLANG_ANALYZER_NUMBER_OBJECT_CONVERSION = YES_AGGRESSIVE;
				CLANG_CXX_LANGUAGE_STANDARD = "gnu++17";
				CLANG_CXX_LIBRARY = "libc++";
				CLANG_ENABLE_MODULES = YES;
				CLANG_ENABLE_OBJC_ARC = YES;
				CLANG_ENABLE_OBJC_WEAK = YES;
				CLANG_WARN_BLOCK_CAPTURE_AUTORELEASING = YES;
				CLANG_WARN_BOOL_CONVERSION = YES;
				CLANG_WARN_COMMA = YES;
				CLANG_WARN_CONSTANT_CONVERSION = YES;
				CLANG_WARN_DEPRECATED_OBJC_IMPLEMENTATIONS = YES;
				CLANG_WARN_DIRECT_OBJC_ISA_USAGE = YES_ERROR;
				CLANG_WARN_DOCUMENTATION_COMMENTS = YES;
				CLANG_WARN_EMPTY_BODY = YES;
				CLANG_WARN_ENUM_CONVERSION = YES;
				CLANG_WARN_INFINITE_RECURSION = YES;
				CLANG_WARN_INT_CONVERSION = YES;
				CLANG_WARN_NON_LITERAL_NULL_CONVERSION = YES;
				CLANG_WARN_OBJC_IMPLICIT_RETAIN_SELF = YES;
				CLANG_WARN_OBJC_LITERAL_CONVERSION = YES;
				CLANG_WARN_OBJC_ROOT_CLASS = YES_ERROR;
				CLANG_WARN_QUOTED_INCLUDE_IN_FRAMEWORK_HEADER = YES;
				CLANG_WARN_RANGE_LOOP_ANALYSIS = YES;
				CLANG_WARN_STRICT_PROTOTYPES = YES;
				CLANG_WARN_SUSPICIOUS_MOVE = YES;
				CLANG_WARN_UNGUARDED_AVAILABILITY = YES_AGGRESSIVE;
				CLANG_WARN_UNREACHABLE_CODE = YES;
				CLANG_WARN__DUPLICATE_METHOD_MATCH = YES;
				COPY_PHASE_STRIP = NO;
				DEBUG_INFORMATION_FORMAT = dwarf;
				ENABLE_STRICT_OBJC_MSGSEND = YES;
				ENABLE_TESTABILITY = YES;
				GCC_C_LANGUAGE_STANDARD = gnu11;
				GCC_DYNAMIC_NO_PIC = NO;
				GCC_NO_COMMON_BLOCKS = YES;
				GCC_OPTIMIZATION_LEVEL = 0;
				GCC_PREPROCESSOR_DEFINITIONS = (
					"DEBUG=1",
					"$(inherited)",
				);
				GCC_WARN_64_TO_32_BIT_CONVERSION = YES;
				GCC_WARN_ABOUT_RETURN_TYPE = YES_ERROR;
				GCC_WARN_UNDECLARED_SELECTOR = YES;
				GCC_WARN_UNINITIALIZED_AUTOS = YES_AGGRESSIVE;
				GCC_WARN_UNUSED_FUNCTION = YES;
				GCC_WARN_UNUSED_VARIABLE = YES;
				IPHONEOS_DEPLOYMENT_TARGET = 15.2;
				MTL_ENABLE_DEBUG_INFO = INCLUDE_SOURCE;
				MTL_FAST_MATH = YES;
				ONLY_ACTIVE_ARCH = YES;
				SDKROOT = iphoneos;
				SWIFT_ACTIVE_COMPILATION_CONDITIONS = DEBUG;
				SWIFT_OPTIMIZATION_LEVEL = "-Onone";
			};
			name = Debug;
		};
		52CF49AC287E1B8D00DB700D /* Release */ = {
			isa = XCBuildConfiguration;
			buildSettings = {
				ALWAYS_SEARCH_USER_PATHS = NO;
				CLANG_ANALYZER_NONNULL = YES;
				CLANG_ANALYZER_NUMBER_OBJECT_CONVERSION = YES_AGGRESSIVE;
				CLANG_CXX_LANGUAGE_STANDARD = "gnu++17";
				CLANG_CXX_LIBRARY = "libc++";
				CLANG_ENABLE_MODULES = YES;
				CLANG_ENABLE_OBJC_ARC = YES;
				CLANG_ENABLE_OBJC_WEAK = YES;
				CLANG_WARN_BLOCK_CAPTURE_AUTORELEASING = YES;
				CLANG_WARN_BOOL_CONVERSION = YES;
				CLANG_WARN_COMMA = YES;
				CLANG_WARN_CONSTANT_CONVERSION = YES;
				CLANG_WARN_DEPRECATED_OBJC_IMPLEMENTATIONS = YES;
				CLANG_WARN_DIRECT_OBJC_ISA_USAGE = YES_ERROR;
				CLANG_WARN_DOCUMENTATION_COMMENTS = YES;
				CLANG_WARN_EMPTY_BODY = YES;
				CLANG_WARN_ENUM_CONVERSION = YES;
				CLANG_WARN_INFINITE_RECURSION = YES;
				CLANG_WARN_INT_CONVERSION = YES;
				CLANG_WARN_NON_LITERAL_NULL_CONVERSION = YES;
				CLANG_WARN_OBJC_IMPLICIT_RETAIN_SELF = YES;
				CLANG_WARN_OBJC_LITERAL_CONVERSION = YES;
				CLANG_WARN_OBJC_ROOT_CLASS = YES_ERROR;
				CLANG_WARN_QUOTED_INCLUDE_IN_FRAMEWORK_HEADER = YES;
				CLANG_WARN_RANGE_LOOP_ANALYSIS = YES;
				CLANG_WARN_STRICT_PROTOTYPES = YES;
				CLANG_WARN_SUSPICIOUS_MOVE = YES;
				CLANG_WARN_UNGUARDED_AVAILABILITY = YES_AGGRESSIVE;
				CLANG_WARN_UNREACHABLE_CODE = YES;
				CLANG_WARN__DUPLICATE_METHOD_MATCH = YES;
				COPY_PHASE_STRIP = NO;
				DEBUG_INFORMATION_FORMAT = "dwarf-with-dsym";
				ENABLE_NS_ASSERTIONS = NO;
				ENABLE_STRICT_OBJC_MSGSEND = YES;
				GCC_C_LANGUAGE_STANDARD = gnu11;
				GCC_NO_COMMON_BLOCKS = YES;
				GCC_WARN_64_TO_32_BIT_CONVERSION = YES;
				GCC_WARN_ABOUT_RETURN_TYPE = YES_ERROR;
				GCC_WARN_UNDECLARED_SELECTOR = YES;
				GCC_WARN_UNINITIALIZED_AUTOS = YES_AGGRESSIVE;
				GCC_WARN_UNUSED_FUNCTION = YES;
				GCC_WARN_UNUSED_VARIABLE = YES;
				IPHONEOS_DEPLOYMENT_TARGET = 15.2;
				MTL_ENABLE_DEBUG_INFO = NO;
				MTL_FAST_MATH = YES;
				SDKROOT = iphoneos;
				SWIFT_COMPILATION_MODE = wholemodule;
				SWIFT_OPTIMIZATION_LEVEL = "-O";
				VALIDATE_PRODUCT = YES;
			};
			name = Release;
		};
		52CF49AE287E1B8D00DB700D /* Debug */ = {
			isa = XCBuildConfiguration;
			baseConfigurationReference = 23C863382B95D4D2B5981131 /* Pods-Persomi.debug.xcconfig */;
			buildSettings = {
				ASSETCATALOG_COMPILER_APPICON_NAME = AppIcon;
				ASSETCATALOG_COMPILER_GLOBAL_ACCENT_COLOR_NAME = AccentColor;
				CODE_SIGN_STYLE = Automatic;
				CURRENT_PROJECT_VERSION = 1;
				DEVELOPMENT_ASSET_PATHS = "";
				DEVELOPMENT_TEAM = 35Y7TCQ45E;
				ENABLE_PREVIEWS = YES;
				GENERATE_INFOPLIST_FILE = YES;
				INFOPLIST_FILE = Persomi/Info.plist;
				INFOPLIST_KEY_UIApplicationSceneManifest_Generation = YES;
				INFOPLIST_KEY_UIApplicationSupportsIndirectInputEvents = YES;
				INFOPLIST_KEY_UILaunchStoryboardName = LaunchScreen;
				INFOPLIST_KEY_UISupportedInterfaceOrientations_iPad = "UIInterfaceOrientationPortrait UIInterfaceOrientationPortraitUpsideDown UIInterfaceOrientationLandscapeLeft UIInterfaceOrientationLandscapeRight";
				INFOPLIST_KEY_UISupportedInterfaceOrientations_iPhone = "UIInterfaceOrientationPortrait UIInterfaceOrientationLandscapeLeft UIInterfaceOrientationLandscapeRight";
				LD_RUNPATH_SEARCH_PATHS = (
					"$(inherited)",
					"@executable_path/Frameworks",
				);
				MARKETING_VERSION = 1.0;
				PRODUCT_BUNDLE_IDENTIFIER = abu.Persomi;
				PRODUCT_NAME = "$(TARGET_NAME)";
				SWIFT_EMIT_LOC_STRINGS = YES;
				SWIFT_VERSION = 5.0;
				TARGETED_DEVICE_FAMILY = "1,2";
			};
			name = Debug;
		};
		52CF49AF287E1B8D00DB700D /* Release */ = {
			isa = XCBuildConfiguration;
			baseConfigurationReference = 55B757F021CA24431E1D6EF2 /* Pods-Persomi.release.xcconfig */;
			buildSettings = {
				ASSETCATALOG_COMPILER_APPICON_NAME = AppIcon;
				ASSETCATALOG_COMPILER_GLOBAL_ACCENT_COLOR_NAME = AccentColor;
				CODE_SIGN_STYLE = Automatic;
				CURRENT_PROJECT_VERSION = 1;
				DEVELOPMENT_ASSET_PATHS = "";
				DEVELOPMENT_TEAM = 35Y7TCQ45E;
				ENABLE_PREVIEWS = YES;
				GENERATE_INFOPLIST_FILE = YES;
				INFOPLIST_FILE = Persomi/Info.plist;
				INFOPLIST_KEY_UIApplicationSceneManifest_Generation = YES;
				INFOPLIST_KEY_UIApplicationSupportsIndirectInputEvents = YES;
				INFOPLIST_KEY_UILaunchStoryboardName = LaunchScreen;
				INFOPLIST_KEY_UISupportedInterfaceOrientations_iPad = "UIInterfaceOrientationPortrait UIInterfaceOrientationPortraitUpsideDown UIInterfaceOrientationLandscapeLeft UIInterfaceOrientationLandscapeRight";
				INFOPLIST_KEY_UISupportedInterfaceOrientations_iPhone = "UIInterfaceOrientationPortrait UIInterfaceOrientationLandscapeLeft UIInterfaceOrientationLandscapeRight";
				LD_RUNPATH_SEARCH_PATHS = (
					"$(inherited)",
					"@executable_path/Frameworks",
				);
				MARKETING_VERSION = 1.0;
				PRODUCT_BUNDLE_IDENTIFIER = abu.Persomi;
				PRODUCT_NAME = "$(TARGET_NAME)";
				SWIFT_EMIT_LOC_STRINGS = YES;
				SWIFT_VERSION = 5.0;
				TARGETED_DEVICE_FAMILY = "1,2";
			};
			name = Release;
		};
		52CF49B1287E1B8D00DB700D /* Debug */ = {
			isa = XCBuildConfiguration;
			baseConfigurationReference = 3BF32A24FFE7DA952134F852 /* Pods-PersomiTests.debug.xcconfig */;
			buildSettings = {
				ALWAYS_EMBED_SWIFT_STANDARD_LIBRARIES = YES;
				BUNDLE_LOADER = "$(TEST_HOST)";
				CODE_SIGN_STYLE = Automatic;
				CURRENT_PROJECT_VERSION = 1;
				DEVELOPMENT_TEAM = 35Y7TCQ45E;
				GENERATE_INFOPLIST_FILE = YES;
				IPHONEOS_DEPLOYMENT_TARGET = 15.2;
				MARKETING_VERSION = 1.0;
				PRODUCT_BUNDLE_IDENTIFIER = abu.PersomiTests;
				PRODUCT_NAME = "$(TARGET_NAME)";
				SWIFT_EMIT_LOC_STRINGS = NO;
				SWIFT_VERSION = 5.0;
				TARGETED_DEVICE_FAMILY = "1,2";
				TEST_HOST = "$(BUILT_PRODUCTS_DIR)/Persomi.app/Persomi";
			};
			name = Debug;
		};
		52CF49B2287E1B8D00DB700D /* Release */ = {
			isa = XCBuildConfiguration;
			baseConfigurationReference = D9AAE93EF6C1BA1594D852DD /* Pods-PersomiTests.release.xcconfig */;
			buildSettings = {
				ALWAYS_EMBED_SWIFT_STANDARD_LIBRARIES = YES;
				BUNDLE_LOADER = "$(TEST_HOST)";
				CODE_SIGN_STYLE = Automatic;
				CURRENT_PROJECT_VERSION = 1;
				DEVELOPMENT_TEAM = 35Y7TCQ45E;
				GENERATE_INFOPLIST_FILE = YES;
				IPHONEOS_DEPLOYMENT_TARGET = 15.2;
				MARKETING_VERSION = 1.0;
				PRODUCT_BUNDLE_IDENTIFIER = abu.PersomiTests;
				PRODUCT_NAME = "$(TARGET_NAME)";
				SWIFT_EMIT_LOC_STRINGS = NO;
				SWIFT_VERSION = 5.0;
				TARGETED_DEVICE_FAMILY = "1,2";
				TEST_HOST = "$(BUILT_PRODUCTS_DIR)/Persomi.app/Persomi";
			};
			name = Release;
		};
/* End XCBuildConfiguration section */

/* Begin XCConfigurationList section */
		52CF4984287E1B8B00DB700D /* Build configuration list for PBXProject "Persomi" */ = {
			isa = XCConfigurationList;
			buildConfigurations = (
				52CF49AB287E1B8D00DB700D /* Debug */,
				52CF49AC287E1B8D00DB700D /* Release */,
			);
			defaultConfigurationIsVisible = 0;
			defaultConfigurationName = Release;
		};
		52CF49AD287E1B8D00DB700D /* Build configuration list for PBXNativeTarget "Persomi" */ = {
			isa = XCConfigurationList;
			buildConfigurations = (
				52CF49AE287E1B8D00DB700D /* Debug */,
				52CF49AF287E1B8D00DB700D /* Release */,
			);
			defaultConfigurationIsVisible = 0;
			defaultConfigurationName = Release;
		};
		52CF49B0287E1B8D00DB700D /* Build configuration list for PBXNativeTarget "PersomiTests" */ = {
			isa = XCConfigurationList;
			buildConfigurations = (
				52CF49B1287E1B8D00DB700D /* Debug */,
				52CF49B2287E1B8D00DB700D /* Release */,
			);
			defaultConfigurationIsVisible = 0;
			defaultConfigurationName = Release;
		};
/* End XCConfigurationList section */
	};
	rootObject = 52CF4981287E1B8B00DB700D /* Project object */;
}
